
Microsoft Visual Studio Solution File, Format Version 12.00
# Visual Studio Version 17
VisualStudioVersion = 17.4.33213.308
MinimumVisualStudioVersion = 10.0.40219.1
Project("{8BC9CEB8-8B4A-11D0-8D11-00A0C91BC942}") = "Dachs", "Dachs\Dachs.vcxproj", "{35B10D5A-64A4-42BD-BD4C-D165078B7872}"
EndProject
Project("{8BC9CEB8-8B4A-11D0-8D11-00A0C91BC942}") = "Sandbox", "Sandbox\Sandbox.vcxproj", "{E512CDC4-92A0-4D93-81D4-685F4916E47A}"
EndProject
Global
	GlobalSection(SolutionConfigurationPlatforms) = preSolution
		Debug|x64 = Debug|x64
		Release|x64 = Release|x64
	EndGlobalSection
	GlobalSection(ProjectConfigurationPlatforms) = postSolution
		{35B10D5A-64A4-42BD-BD4C-D165078B7872}.Debug|x64.ActiveCfg = Debug|x64
		{35B10D5A-64A4-42BD-BD4C-D165078B7872}.Debug|x64.Build.0 = Debug|x64
		{35B10D5A-64A4-42BD-BD4C-D165078B7872}.Release|x64.ActiveCfg = Release|x64
		{35B10D5A-64A4-42BD-BD4C-D165078B7872}.Release|x64.Build.0 = Release|x64
		{E512CDC4-92A0-4D93-81D4-685F4916E47A}.Debug|x64.ActiveCfg = Debug|x64
		{E512CDC4-92A0-4D93-81D4-685F4916E47A}.Debug|x64.Build.0 = Debug|x64
		{E512CDC4-92A0-4D93-81D4-685F4916E47A}.Release|x64.ActiveCfg = Release|x64
		{E512CDC4-92A0-4D93-81D4-685F4916E47A}.Release|x64.Build.0 = Release|x64
	EndGlobalSection
	GlobalSection(SolutionProperties) = preSolution
		HideSolutionNode = FALSE
	EndGlobalSection
	GlobalSection(ExtensibilityGlobals) = postSolution
		SolutionGuid = {F0A7704A-B39D-4563-860C-7C71FD97E758}
	EndGlobalSection
EndGlobal
