<?xml version="1.0" encoding="utf-8"?>
<Project ToolsVersion="4.0" xmlns="http://schemas.microsoft.com/developer/msbuild/2003">
  <ItemGroup>
    <Filter Include="Dachs">
      <UniqueIdentifier>{2866040D-947A-2CBE-5DFC-CF1DC9CF28EF}</UniqueIdentifier>
    </Filter>
  </ItemGroup>
  <ItemGroup>
    <ClInclude Include="src\Dachs.h" />
    <ClInclude Include="src\Dachs\Application.h">
      <Filter>Dachs</Filter>
    </ClInclude>
    <ClInclude Include="src\Dachs\Core.h">
      <Filter>Dachs</Filter>
    </ClInclude>
    <ClInclude Include="src\Dachs\EntryPoint.h">
      <Filter>Dachs</Filter>
    </ClInclude>
    <ClInclude Include="src\Dachs\Log.h">
      <Filter>Dachs</Filter>
    </ClInclude>
  </ItemGroup>
  <ItemGroup>
    <ClCompile Include="src\Dachs\Application.cpp">
      <Filter>Dachs</Filter>
    </ClCompile>
    <ClCompile Include="src\Dachs\Log.cpp">
      <Filter>Dachs</Filter>
    </ClCompile>
  </ItemGroup>
</Project>